
Microsoft Visual Studio Solution File, Format Version 12.00
# Visual Studio Version 17
VisualStudioVersion = 17.11.35303.130
MinimumVisualStudioVersion = 10.0.40219.1
Project("{FAE04EC0-301F-11D3-BF4B-00C04F79EFBC}") = "EventManager", "EventManager\EventManager.csproj", "{D49A61F4-054B-4B27-8365-1618BCCB51E6}"
EndProject
Global
	GlobalSection(SolutionConfigurationPlatforms) = preSolution
		Debug|Any CPU = Debug|Any CPU
		Release|Any CPU = Release|Any CPU
	EndGlobalSection
	GlobalSection(ProjectConfigurationPlatforms) = postSolution
		{D49A61F4-054B-4B27-8365-1618BCCB51E6}.Debug|Any CPU.ActiveCfg = Debug|Any CPU
		{D49A61F4-054B-4B27-8365-1618BCCB51E6}.Debug|Any CPU.Build.0 = Debug|Any CPU
		{D49A61F4-054B-4B27-8365-1618BCCB51E6}.Release|Any CPU.ActiveCfg = Release|Any CPU
		{D49A61F4-054B-4B27-8365-1618BCCB51E6}.Release|Any CPU.Build.0 = Release|Any CPU
	EndGlobalSection
	GlobalSection(SolutionProperties) = preSolution
		HideSolutionNode = FALSE
	EndGlobalSection
	GlobalSection(ExtensibilityGlobals) = postSolution
		SolutionGuid = {FE52A324-75D3-4D74-8A1D-42DF6BE71401}
	EndGlobalSection
EndGlobal
